{
    "_readme": [
        "This file locks the dependencies of your project to a known state",
        "Read more about it at https://getcomposer.org/doc/01-basic-usage.md#installing-dependencies",
        "This file is @generated automatically"
    ],
    "content-hash": "ed1d747d4660cb9b06bad1f734ed8b6a",
    "packages": [
        {
            "name": "carlos-mg89/oauth",
            "version": "0.8.15",
            "source": {
                "type": "git",
                "url": "https://github.com/carlos-mg89/PHPoAuthLib.git",
                "reference": "c14c44e4f8993009a10d56a41e61c19291824a29"
            },
            "dist": {
                "type": "zip",
                "url": "https://api.github.com/repos/carlos-mg89/PHPoAuthLib/zipball/c14c44e4f8993009a10d56a41e61c19291824a29",
                "reference": "c14c44e4f8993009a10d56a41e61c19291824a29",
                "shasum": ""
            },
            "require": {
                "php": "^7.2 || ^8.0"
            },
            "require-dev": {
                "ext-curl": "*",
                "ext-dom": "*",
                "ext-json": "*",
                "friendsofphp/php-cs-fixer": "^3.0",
                "phpunit/phpunit": "^8.5",
                "predis/predis": "0.8.*@dev",
                "squizlabs/php_codesniffer": "^3.5",
                "symfony/finder": "^5.1",
                "symfony/http-foundation": "~2.1",
                "symfony/var-dumper": "^5.1"
            },
            "suggest": {
                "ext-openssl": "Allows for usage of secure connections with the stream-based HTTP client.",
                "predis/predis": "Allows using the Redis storage backend.",
                "symfony/http-foundation": "Allows using the Symfony Session storage backend."
            },
            "type": "library",
            "extra": {
                "branch-alias": {
                    "dev-master": "0.1-dev"
                }
            },
            "autoload": {
                "psr-4": {
                    "OAuth\\": "src/OAuth"
                }
            },
            "notification-url": "https://packagist.org/downloads/",
            "license": [
                "MIT"
            ],
            "authors": [
                {
                    "name": "Carlos Martínez Gadea",
                    "email": "carlosmartinezgadea@gmail.com"
                }
            ],
            "description": "PHP 7.2 oAuth 1/2 Library",
            "keywords": [
                "Authentication",
                "authorization",
                "oauth",
                "security"
            ],
            "support": {
                "issues": "https://github.com/carlos-mg89/PHPoAuthLib/issues",
                "source": "https://github.com/carlos-mg89/PHPoAuthLib/tree/0.8.15"
            },
            "time": "2022-07-15T08:38:14+00:00"
        }
    ],
    "packages-dev": [],
    "aliases": [],
    "minimum-stability": "stable",
    "stability-flags": [],
    "prefer-stable": false,
    "prefer-lowest": false,
    "platform": [],
    "platform-dev": [],
    "plugin-api-version": "2.3.0"
}
